// !$*UTF8*$!
{
	archiveVersion = 1;
	classes = {
	};
	objectVersion = 56;
	objects = {

/* Begin PBXBuildFile section */
		D807463729A4041200CC69AF /* MerhabaDunyaApp.swift in Sources */ = {isa = PBXBuildFile; fileRef = D807463629A4041200CC69AF /* MerhabaDunyaApp.swift */; };
		D807463929A4041200CC69AF /* ContentView.swift in Sources */ = {isa = PBXBuildFile; fileRef = D807463829A4041200CC69AF /* ContentView.swift */; };
		D807463B29A4041400CC69AF /* Assets.xcassets in Resources */ = {isa = PBXBuildFile; fileRef = D807463A29A4041400CC69AF /* Assets.xcassets */; };
		D807463E29A4041400CC69AF /* Preview Assets.xcassets in Resources */ = {isa = PBXBuildFile; fileRef = D807463D29A4041400CC69AF /* Preview Assets.xcassets */; };
		D807464829A4041400CC69AF /* MerhabaDunyaTests.swift in Sources */ = {isa = PBXBuildFile; fileRef = D807464729A4041400CC69AF /* MerhabaDunyaTests.swift */; };
		D807465229A4041400CC69AF /* MerhabaDunyaUITests.swift in Sources */ = {isa = PBXBuildFile; fileRef = D807465129A4041400CC69AF /* MerhabaDunyaUITests.swift */; };
		D807465429A4041400CC69AF /* MerhabaDunyaUITestsLaunchTests.swift in Sources */ = {isa = PBXBuildFile; fileRef = D807465329A4041400CC69AF /* MerhabaDunyaUITestsLaunchTests.swift */; };
/* End PBXBuildFile section */

/* Begin PBXContainerItemProxy section */
		D807464429A4041400CC69AF /* PBXContainerItemProxy */ = {
			isa = PBXContainerItemProxy;
			containerPortal = D807462B29A4041200CC69AF /* Project object */;
			proxyType = 1;
			remoteGlobalIDString = D807463229A4041200CC69AF;
			remoteInfo = MerhabaDunya;
		};
		D807464E29A4041400CC69AF /* PBXContainerItemProxy */ = {
			isa = PBXContainerItemProxy;
			containerPortal = D807462B29A4041200CC69AF /* Project object */;
			proxyType = 1;
			remoteGlobalIDString = D807463229A4041200CC69AF;
			remoteInfo = MerhabaDunya;
		};
/* End PBXContainerItemProxy section */

/* Begin PBXFileReference section */
		D807463329A4041200CC69AF /* MerhabaDunya.app */ = {isa = PBXFileReference; explicitFileType = wrapper.application; includeInIndex = 0; path = MerhabaDunya.app; sourceTree = BUILT_PRODUCTS_DIR; };
		D807463629A4041200CC69AF /* MerhabaDunyaApp.swift */ = {isa = PBXFileReference; lastKnownFileType = sourcecode.swift; path = MerhabaDunyaApp.swift; sourceTree = "<group>"; };
		D807463829A4041200CC69AF /* ContentView.swift */ = {isa = PBXFileReference; lastKnownFileType = sourcecode.swift; path = ContentView.swift; sourceTree = "<group>"; };
		D807463A29A4041400CC69AF /* Assets.xcassets */ = {isa = PBXFileReference; lastKnownFileType = folder.assetcatalog; path = Assets.xcassets; sourceTree = "<group>"; };
		D807463D29A4041400CC69AF /* Preview Assets.xcassets */ = {isa = PBXFileReference; lastKnownFileType = folder.assetcatalog; path = "Preview Assets.xcassets"; sourceTree = "<group>"; };
		D807464329A4041400CC69AF /* MerhabaDunyaTests.xctest */ = {isa = PBXFileReference; explicitFileType = wrapper.cfbundle; includeInIndex = 0; path = MerhabaDunyaTests.xctest; sourceTree = BUILT_PRODUCTS_DIR; };
		D807464729A4041400CC69AF /* MerhabaDunyaTests.swift */ = {isa = PBXFileReference; lastKnownFileType = sourcecode.swift; path = MerhabaDunyaTests.swift; sourceTree = "<group>"; };
		D807464D29A4041400CC69AF /* MerhabaDunyaUITests.xctest */ = {isa = PBXFileReference; explicitFileType = wrapper.cfbundle; includeInIndex = 0; path = MerhabaDunyaUITests.xctest; sourceTree = BUILT_PRODUCTS_DIR; };
		D807465129A4041400CC69AF /* MerhabaDunyaUITests.swift */ = {isa = PBXFileReference; lastKnownFileType = sourcecode.swift; path = MerhabaDunyaUITests.swift; sourceTree = "<group>"; };
		D807465329A4041400CC69AF /* MerhabaDunyaUITestsLaunchTests.swift */ = {isa = PBXFileReference; lastKnownFileType = sourcecode.swift; path = MerhabaDunyaUITestsLaunchTests.swift; sourceTree = "<group>"; };
/* End PBXFileReference section */

/* Begin PBXFrameworksBuildPhase section */
		D807463029A4041200CC69AF /* Frameworks */ = {
			isa = PBXFrameworksBuildPhase;
			buildActionMask = 2147483647;
			files = (
			);
			runOnlyForDeploymentPostprocessing = 0;
		};
		D807464029A4041400CC69AF /* Frameworks */ = {
			isa = PBXFrameworksBuildPhase;
			buildActionMask = 2147483647;
			files = (
			);
			runOnlyForDeploymentPostprocessing = 0;
		};
		D807464A29A4041400CC69AF /* Frameworks */ = {
			isa = PBXFrameworksBuildPhase;
			buildActionMask = 2147483647;
			files = (
			);
			runOnlyForDeploymentPostprocessing = 0;
		};
/* End PBXFrameworksBuildPhase section */

/* Begin PBXGroup section */
		D807462A29A4041200CC69AF = {
			isa = PBXGroup;
			children = (
				D807463529A4041200CC69AF /* MerhabaDunya */,
				D807464629A4041400CC69AF /* MerhabaDunyaTests */,
				D807465029A4041400CC69AF /* MerhabaDunyaUITests */,
				D807463429A4041200CC69AF /* Products */,
			);
			sourceTree = "<group>";
		};
		D807463429A4041200CC69AF /* Products */ = {
			isa = PBXGroup;
			children = (
				D807463329A4041200CC69AF /* MerhabaDunya.app */,
				D807464329A4041400CC69AF /* MerhabaDunyaTests.xctest */,
				D807464D29A4041400CC69AF /* MerhabaDunyaUITests.xctest */,
			);
			name = Products;
			sourceTree = "<group>";
		};
		D807463529A4041200CC69AF /* MerhabaDunya */ = {
			isa = PBXGroup;
			children = (
				D807463629A4041200CC69AF /* MerhabaDunyaApp.swift */,
				D807463829A4041200CC69AF /* ContentView.swift */,
				D807463A29A4041400CC69AF /* Assets.xcassets */,
				D807463C29A4041400CC69AF /* Preview Content */,
			);
			path = MerhabaDunya;
			sourceTree = "<group>";
		};
		D807463C29A4041400CC69AF /* Preview Content */ = {
			isa = PBXGroup;
			children = (
				D807463D29A4041400CC69AF /* Preview Assets.xcassets */,
			);
			path = "Preview Content";
			sourceTree = "<group>";
		};
		D807464629A4041400CC69AF /* MerhabaDunyaTests */ = {
			isa = PBXGroup;
			children = (
				D807464729A4041400CC69AF /* MerhabaDunyaTests.swift */,
			);
			path = MerhabaDunyaTests;
			sourceTree = "<group>";
		};
		D807465029A4041400CC69AF /* MerhabaDunyaUITests */ = {
			isa = PBXGroup;
			children = (
				D807465129A4041400CC69AF /* MerhabaDunyaUITests.swift */,
				D807465329A4041400CC69AF /* MerhabaDunyaUITestsLaunchTests.swift */,
			);
			path = MerhabaDunyaUITests;
			sourceTree = "<group>";
		};
/* End PBXGroup section */

/* Begin PBXNativeTarget section */
		D807463229A4041200CC69AF /* MerhabaDunya */ = {
			isa = PBXNativeTarget;
			buildConfigurationList = D807465729A4041400CC69AF /* Build configuration list for PBXNativeTarget "MerhabaDunya" */;
			buildPhases = (
				D807462F29A4041200CC69AF /* Sources */,
				D807463029A4041200CC69AF /* Frameworks */,
				D807463129A4041200CC69AF /* Resources */,
			);
			buildRules = (
			);
			dependencies = (
			);
			name = MerhabaDunya;
			productName = MerhabaDunya;
			productReference = D807463329A4041200CC69AF /* MerhabaDunya.app */;
			productType = "com.apple.product-type.application";
		};
		D807464229A4041400CC69AF /* MerhabaDunyaTests */ = {
			isa = PBXNativeTarget;
			buildConfigurationList = D807465A29A4041400CC69AF /* Build configuration list for PBXNativeTarget "MerhabaDunyaTests" */;
			buildPhases = (
				D807463F29A4041400CC69AF /* Sources */,
				D807464029A4041400CC69AF /* Frameworks */,
				D807464129A4041400CC69AF /* Resources */,
			);
			buildRules = (
			);
			dependencies = (
				D807464529A4041400CC69AF /* PBXTargetDependency */,
			);
			name = MerhabaDunyaTests;
			productName = MerhabaDunyaTests;
			productReference = D807464329A4041400CC69AF /* MerhabaDunyaTests.xctest */;
			productType = "com.apple.product-type.bundle.unit-test";
		};
		D807464C29A4041400CC69AF /* MerhabaDunyaUITests */ = {
			isa = PBXNativeTarget;
			buildConfigurationList = D807465D29A4041400CC69AF /* Build configuration list for PBXNativeTarget "MerhabaDunyaUITests" */;
			buildPhases = (
				D807464929A4041400CC69AF /* Sources */,
				D807464A29A4041400CC69AF /* Frameworks */,
				D807464B29A4041400CC69AF /* Resources */,
			);
			buildRules = (
			);
			dependencies = (
				D807464F29A4041400CC69AF /* PBXTargetDependency */,
			);
			name = MerhabaDunyaUITests;
			productName = MerhabaDunyaUITests;
			productReference = D807464D29A4041400CC69AF /* MerhabaDunyaUITests.xctest */;
			productType = "com.apple.product-type.bundle.ui-testing";
		};
/* End PBXNativeTarget section */

/* Begin PBXProject section */
		D807462B29A4041200CC69AF /* Project object */ = {
			isa = PBXProject;
			attributes = {
				BuildIndependentTargetsInParallel = 1;
				LastSwiftUpdateCheck = 1420;
				LastUpgradeCheck = 1420;
				TargetAttributes = {
					D807463229A4041200CC69AF = {
						CreatedOnToolsVersion = 14.2;
					};
					D807464229A4041400CC69AF = {
						CreatedOnToolsVersion = 14.2;
						TestTargetID = D807463229A4041200CC69AF;
					};
					D807464C29A4041400CC69AF = {
						CreatedOnToolsVersion = 14.2;
						TestTargetID = D807463229A4041200CC69AF;
					};
				};
			};
			buildConfigurationList = D807462E29A4041200CC69AF /* Build configuration list for PBXProject "MerhabaDunya" */;
			compatibilityVersion = "Xcode 14.0";
			developmentRegion = en;
			hasScannedForEncodings = 0;
			knownRegions = (
				en,
				Base,
			);
			mainGroup = D807462A29A4041200CC69AF;
			productRefGroup = D807463429A4041200CC69AF /* Products */;
			projectDirPath = "";
			projectRoot = "";
			targets = (
				D807463229A4041200CC69AF /* MerhabaDunya */,
				D807464229A4041400CC69AF /* MerhabaDunyaTests */,
				D807464C29A4041400CC69AF /* MerhabaDunyaUITests */,
			);
		};
/* End PBXProject section */

/* Begin PBXResourcesBuildPhase section */
		D807463129A4041200CC69AF /* Resources */ = {
			isa = PBXResourcesBuildPhase;
			buildActionMask = 2147483647;
			files = (
				D807463E29A4041400CC69AF /* Preview Assets.xcassets in Resources */,
				D807463B29A4041400CC69AF /* Assets.xcassets in Resources */,
			);
			runOnlyForDeploymentPostprocessing = 0;
		};
		D807464129A4041400CC69AF /* Resources */ = {
			isa = PBXResourcesBuildPhase;
			buildActionMask = 2147483647;
			files = (
			);
			runOnlyForDeploymentPostprocessing = 0;
		};
		D807464B29A4041400CC69AF /* Resources */ = {
			isa = PBXResourcesBuildPhase;
			buildActionMask = 2147483647;
			files = (
			);
			runOnlyForDeploymentPostprocessing = 0;
		};
/* End PBXResourcesBuildPhase section */

/* Begin PBXSourcesBuildPhase section */
		D807462F29A4041200CC69AF /* Sources */ = {
			isa = PBXSourcesBuildPhase;
			buildActionMask = 2147483647;
			files = (
				D807463929A4041200CC69AF /* ContentView.swift in Sources */,
				D807463729A4041200CC69AF /* MerhabaDunyaApp.swift in Sources */,
			);
			runOnlyForDeploymentPostprocessing = 0;
		};
		D807463F29A4041400CC69AF /* Sources */ = {
			isa = PBXSourcesBuildPhase;
			buildActionMask = 2147483647;
			files = (
				D807464829A4041400CC69AF /* MerhabaDunyaTests.swift in Sources */,
			);
			runOnlyForDeploymentPostprocessing = 0;
		};
		D807464929A4041400CC69AF /* Sources */ = {
			isa = PBXSourcesBuildPhase;
			buildActionMask = 2147483647;
			files = (
				D807465229A4041400CC69AF /* MerhabaDunyaUITests.swift in Sources */,
				D807465429A4041400CC69AF /* MerhabaDunyaUITestsLaunchTests.swift in Sources */,
			);
			runOnlyForDeploymentPostprocessing = 0;
		};
/* End PBXSourcesBuildPhase section */

/* Begin PBXTargetDependency section */
		D807464529A4041400CC69AF /* PBXTargetDependency */ = {
			isa = PBXTargetDependency;
			target = D807463229A4041200CC69AF /* MerhabaDunya */;
			targetProxy = D807464429A4041400CC69AF /* PBXContainerItemProxy */;
		};
		D807464F29A4041400CC69AF /* PBXTargetDependency */ = {
			isa = PBXTargetDependency;
			target = D807463229A4041200CC69AF /* MerhabaDunya */;
			targetProxy = D807464E29A4041400CC69AF /* PBXContainerItemProxy */;
		};
/* End PBXTargetDependency section */

/* Begin XCBuildConfiguration section */
		D807465529A4041400CC69AF /* Debug */ = {
			isa = XCBuildConfiguration;
			buildSettings = {
				ALWAYS_SEARCH_USER_PATHS = NO;
				CLANG_ANALYZER_NONNULL = YES;
				CLANG_ANALYZER_NUMBER_OBJECT_CONVERSION = YES_AGGRESSIVE;
				CLANG_CXX_LANGUAGE_STANDARD = "gnu++20";
				CLANG_ENABLE_MODULES = YES;
				CLANG_ENABLE_OBJC_ARC = YES;
				CLANG_ENABLE_OBJC_WEAK = YES;
				CLANG_WARN_BLOCK_CAPTURE_AUTORELEASING = YES;
				CLANG_WARN_BOOL_CONVERSION = YES;
				CLANG_WARN_COMMA = YES;
				CLANG_WARN_CONSTANT_CONVERSION = YES;
				CLANG_WARN_DEPRECATED_OBJC_IMPLEMENTATIONS = YES;
				CLANG_WARN_DIRECT_OBJC_ISA_USAGE = YES_ERROR;
				CLANG_WARN_DOCUMENTATION_COMMENTS = YES;
				CLANG_WARN_EMPTY_BODY = YES;
				CLANG_WARN_ENUM_CONVERSION = YES;
				CLANG_WARN_INFINITE_RECURSION = YES;
				CLANG_WARN_INT_CONVERSION = YES;
				CLANG_WARN_NON_LITERAL_NULL_CONVERSION = YES;
				CLANG_WARN_OBJC_IMPLICIT_RETAIN_SELF = YES;
				CLANG_WARN_OBJC_LITERAL_CONVERSION = YES;
				CLANG_WARN_OBJC_ROOT_CLASS = YES_ERROR;
				CLANG_WARN_QUOTED_INCLUDE_IN_FRAMEWORK_HEADER = YES;
				CLANG_WARN_RANGE_LOOP_ANALYSIS = YES;
				CLANG_WARN_STRICT_PROTOTYPES = YES;
				CLANG_WARN_SUSPICIOUS_MOVE = YES;
				CLANG_WARN_UNGUARDED_AVAILABILITY = YES_AGGRESSIVE;
				CLANG_WARN_UNREACHABLE_CODE = YES;
				CLANG_WARN__DUPLICATE_METHOD_MATCH = YES;
				COPY_PHASE_STRIP = NO;
				DEBUG_INFORMATION_FORMAT = dwarf;
				ENABLE_STRICT_OBJC_MSGSEND = YES;
				ENABLE_TESTABILITY = YES;
				GCC_C_LANGUAGE_STANDARD = gnu11;
				GCC_DYNAMIC_NO_PIC = NO;
				GCC_NO_COMMON_BLOCKS = YES;
				GCC_OPTIMIZATION_LEVEL = 0;
				GCC_PREPROCESSOR_DEFINITIONS = (
					"DEBUG=1",
					"$(inherited)",
				);
				GCC_WARN_64_TO_32_BIT_CONVERSION = YES;
				GCC_WARN_ABOUT_RETURN_TYPE = YES_ERROR;
				GCC_WARN_UNDECLARED_SELECTOR = YES;
				GCC_WARN_UNINITIALIZED_AUTOS = YES_AGGRESSIVE;
				GCC_WARN_UNUSED_FUNCTION = YES;
				GCC_WARN_UNUSED_VARIABLE = YES;
				IPHONEOS_DEPLOYMENT_TARGET = 16.2;
				MTL_ENABLE_DEBUG_INFO = INCLUDE_SOURCE;
				MTL_FAST_MATH = YES;
				ONLY_ACTIVE_ARCH = YES;
				SDKROOT = iphoneos;
				SWIFT_ACTIVE_COMPILATION_CONDITIONS = DEBUG;
				SWIFT_OPTIMIZATION_LEVEL = "-Onone";
			};
			name = Debug;
		};
		D807465629A4041400CC69AF /* Release */ = {
			isa = XCBuildConfiguration;
			buildSettings = {
				ALWAYS_SEARCH_USER_PATHS = NO;
				CLANG_ANALYZER_NONNULL = YES;
				CLANG_ANALYZER_NUMBER_OBJECT_CONVERSION = YES_AGGRESSIVE;
				CLANG_CXX_LANGUAGE_STANDARD = "gnu++20";
				CLANG_ENABLE_MODULES = YES;
				CLANG_ENABLE_OBJC_ARC = YES;
				CLANG_ENABLE_OBJC_WEAK = YES;
				CLANG_WARN_BLOCK_CAPTURE_AUTORELEASING = YES;
				CLANG_WARN_BOOL_CONVERSION = YES;
				CLANG_WARN_COMMA = YES;
				CLANG_WARN_CONSTANT_CONVERSION = YES;
				CLANG_WARN_DEPRECATED_OBJC_IMPLEMENTATIONS = YES;
				CLANG_WARN_DIRECT_OBJC_ISA_USAGE = YES_ERROR;
				CLANG_WARN_DOCUMENTATION_COMMENTS = YES;
				CLANG_WARN_EMPTY_BODY = YES;
				CLANG_WARN_ENUM_CONVERSION = YES;
				CLANG_WARN_INFINITE_RECURSION = YES;
				CLANG_WARN_INT_CONVERSION = YES;
				CLANG_WARN_NON_LITERAL_NULL_CONVERSION = YES;
				CLANG_WARN_OBJC_IMPLICIT_RETAIN_SELF = YES;
				CLANG_WARN_OBJC_LITERAL_CONVERSION = YES;
				CLANG_WARN_OBJC_ROOT_CLASS = YES_ERROR;
				CLANG_WARN_QUOTED_INCLUDE_IN_FRAMEWORK_HEADER = YES;
				CLANG_WARN_RANGE_LOOP_ANALYSIS = YES;
				CLANG_WARN_STRICT_PROTOTYPES = YES;
				CLANG_WARN_SUSPICIOUS_MOVE = YES;
				CLANG_WARN_UNGUARDED_AVAILABILITY = YES_AGGRESSIVE;
				CLANG_WARN_UNREACHABLE_CODE = YES;
				CLANG_WARN__DUPLICATE_METHOD_MATCH = YES;
				COPY_PHASE_STRIP = NO;
				DEBUG_INFORMATION_FORMAT = "dwarf-with-dsym";
				ENABLE_NS_ASSERTIONS = NO;
				ENABLE_STRICT_OBJC_MSGSEND = YES;
				GCC_C_LANGUAGE_STANDARD = gnu11;
				GCC_NO_COMMON_BLOCKS = YES;
				GCC_WARN_64_TO_32_BIT_CONVERSION = YES;
				GCC_WARN_ABOUT_RETURN_TYPE = YES_ERROR;
				GCC_WARN_UNDECLARED_SELECTOR = YES;
				GCC_WARN_UNINITIALIZED_AUTOS = YES_AGGRESSIVE;
				GCC_WARN_UNUSED_FUNCTION = YES;
				GCC_WARN_UNUSED_VARIABLE = YES;
				IPHONEOS_DEPLOYMENT_TARGET = 16.2;
				MTL_ENABLE_DEBUG_INFO = NO;
				MTL_FAST_MATH = YES;
				SDKROOT = iphoneos;
				SWIFT_COMPILATION_MODE = wholemodule;
				SWIFT_OPTIMIZATION_LEVEL = "-O";
				VALIDATE_PRODUCT = YES;
			};
			name = Release;
		};
		D807465829A4041400CC69AF /* Debug */ = {
			isa = XCBuildConfiguration;
			buildSettings = {
				ASSETCATALOG_COMPILER_APPICON_NAME = AppIcon;
				ASSETCATALOG_COMPILER_GLOBAL_ACCENT_COLOR_NAME = AccentColor;
				CODE_SIGN_STYLE = Automatic;
				CURRENT_PROJECT_VERSION = 1;
				DEVELOPMENT_ASSET_PATHS = "\"MerhabaDunya/Preview Content\"";
				ENABLE_PREVIEWS = YES;
				GENERATE_INFOPLIST_FILE = YES;
				INFOPLIST_KEY_UIApplicationSceneManifest_Generation = YES;
				INFOPLIST_KEY_UIApplicationSupportsIndirectInputEvents = YES;
				INFOPLIST_KEY_UILaunchScreen_Generation = YES;
				INFOPLIST_KEY_UISupportedInterfaceOrientations_iPad = "UIInterfaceOrientationPortrait UIInterfaceOrientationPortraitUpsideDown UIInterfaceOrientationLandscapeLeft UIInterfaceOrientationLandscapeRight";
				INFOPLIST_KEY_UISupportedInterfaceOrientations_iPhone = "UIInterfaceOrientationPortrait UIInterfaceOrientationLandscapeLeft UIInterfaceOrientationLandscapeRight";
				LD_RUNPATH_SEARCH_PATHS = (
					"$(inherited)",
					"@executable_path/Frameworks",
				);
				MARKETING_VERSION = 1.0;
				PRODUCT_BUNDLE_IDENTIFIER = serhat.MerhabaDunya;
				PRODUCT_NAME = "$(TARGET_NAME)";
				SWIFT_EMIT_LOC_STRINGS = YES;
				SWIFT_VERSION = 5.0;
				TARGETED_DEVICE_FAMILY = "1,2";
			};
			name = Debug;
		};
		D807465929A4041400CC69AF /* Release */ = {
			isa = XCBuildConfiguration;
			buildSettings = {
				ASSETCATALOG_COMPILER_APPICON_NAME = AppIcon;
				ASSETCATALOG_COMPILER_GLOBAL_ACCENT_COLOR_NAME = AccentColor;
				CODE_SIGN_STYLE = Automatic;
				CURRENT_PROJECT_VERSION = 1;
				DEVELOPMENT_ASSET_PATHS = "\"MerhabaDunya/Preview Content\"";
				ENABLE_PREVIEWS = YES;
				GENERATE_INFOPLIST_FILE = YES;
				INFOPLIST_KEY_UIApplicationSceneManifest_Generation = YES;
				INFOPLIST_KEY_UIApplicationSupportsIndirectInputEvents = YES;
				INFOPLIST_KEY_UILaunchScreen_Generation = YES;
				INFOPLIST_KEY_UISupportedInterfaceOrientations_iPad = "UIInterfaceOrientationPortrait UIInterfaceOrientationPortraitUpsideDown UIInterfaceOrientationLandscapeLeft UIInterfaceOrientationLandscapeRight";
				INFOPLIST_KEY_UISupportedInterfaceOrientations_iPhone = "UIInterfaceOrientationPortrait UIInterfaceOrientationLandscapeLeft UIInterfaceOrientationLandscapeRight";
				LD_RUNPATH_SEARCH_PATHS = (
					"$(inherited)",
					"@executable_path/Frameworks",
				);
				MARKETING_VERSION = 1.0;
				PRODUCT_BUNDLE_IDENTIFIER = serhat.MerhabaDunya;
				PRODUCT_NAME = "$(TARGET_NAME)";
				SWIFT_EMIT_LOC_STRINGS = YES;
				SWIFT_VERSION = 5.0;
				TARGETED_DEVICE_FAMILY = "1,2";
			};
			name = Release;
		};
		D807465B29A4041400CC69AF /* Debug */ = {
			isa = XCBuildConfiguration;
			buildSettings = {
				ALWAYS_EMBED_SWIFT_STANDARD_LIBRARIES = YES;
				BUNDLE_LOADER = "$(TEST_HOST)";
				CODE_SIGN_STYLE = Automatic;
				CURRENT_PROJECT_VERSION = 1;
				GENERATE_INFOPLIST_FILE = YES;
				IPHONEOS_DEPLOYMENT_TARGET = 16.2;
				MARKETING_VERSION = 1.0;
				PRODUCT_BUNDLE_IDENTIFIER = serhat.MerhabaDunyaTests;
				PRODUCT_NAME = "$(TARGET_NAME)";
				SWIFT_EMIT_LOC_STRINGS = NO;
				SWIFT_VERSION = 5.0;
				TARGETED_DEVICE_FAMILY = "1,2";
				TEST_HOST = "$(BUILT_PRODUCTS_DIR)/MerhabaDunya.app/$(BUNDLE_EXECUTABLE_FOLDER_PATH)/MerhabaDunya";
			};
			name = Debug;
		};
		D807465C29A4041400CC69AF /* Release */ = {
			isa = XCBuildConfiguration;
			buildSettings = {
				ALWAYS_EMBED_SWIFT_STANDARD_LIBRARIES = YES;
				BUNDLE_LOADER = "$(TEST_HOST)";
				CODE_SIGN_STYLE = Automatic;
				CURRENT_PROJECT_VERSION = 1;
				GENERATE_INFOPLIST_FILE = YES;
				IPHONEOS_DEPLOYMENT_TARGET = 16.2;
				MARKETING_VERSION = 1.0;
				PRODUCT_BUNDLE_IDENTIFIER = serhat.MerhabaDunyaTests;
				PRODUCT_NAME = "$(TARGET_NAME)";
				SWIFT_EMIT_LOC_STRINGS = NO;
				SWIFT_VERSION = 5.0;
				TARGETED_DEVICE_FAMILY = "1,2";
				TEST_HOST = "$(BUILT_PRODUCTS_DIR)/MerhabaDunya.app/$(BUNDLE_EXECUTABLE_FOLDER_PATH)/MerhabaDunya";
			};
			name = Release;
		};
		D807465E29A4041400CC69AF /* Debug */ = {
			isa = XCBuildConfiguration;
			buildSettings = {
				ALWAYS_EMBED_SWIFT_STANDARD_LIBRARIES = YES;
				CODE_SIGN_STYLE = Automatic;
				CURRENT_PROJECT_VERSION = 1;
				GENERATE_INFOPLIST_FILE = YES;
				MARKETING_VERSION = 1.0;
				PRODUCT_BUNDLE_IDENTIFIER = serhat.MerhabaDunyaUITests;
				PRODUCT_NAME = "$(TARGET_NAME)";
				SWIFT_EMIT_LOC_STRINGS = NO;
				SWIFT_VERSION = 5.0;
				TARGETED_DEVICE_FAMILY = "1,2";
				TEST_TARGET_NAME = MerhabaDunya;
			};
			name = Debug;
		};
		D807465F29A4041400CC69AF /* Release */ = {
			isa = XCBuildConfiguration;
			buildSettings = {
				ALWAYS_EMBED_SWIFT_STANDARD_LIBRARIES = YES;
				CODE_SIGN_STYLE = Automatic;
				CURRENT_PROJECT_VERSION = 1;
				GENERATE_INFOPLIST_FILE = YES;
				MARKETING_VERSION = 1.0;
				PRODUCT_BUNDLE_IDENTIFIER = serhat.MerhabaDunyaUITests;
				PRODUCT_NAME = "$(TARGET_NAME)";
				SWIFT_EMIT_LOC_STRINGS = NO;
				SWIFT_VERSION = 5.0;
				TARGETED_DEVICE_FAMILY = "1,2";
				TEST_TARGET_NAME = MerhabaDunya;
			};
			name = Release;
		};
/* End XCBuildConfiguration section */

/* Begin XCConfigurationList section */
		D807462E29A4041200CC69AF /* Build configuration list for PBXProject "MerhabaDunya" */ = {
			isa = XCConfigurationList;
			buildConfigurations = (
				D807465529A4041400CC69AF /* Debug */,
				D807465629A4041400CC69AF /* Release */,
			);
			defaultConfigurationIsVisible = 0;
			defaultConfigurationName = Release;
		};
		D807465729A4041400CC69AF /* Build configuration list for PBXNativeTarget "MerhabaDunya" */ = {
			isa = XCConfigurationList;
			buildConfigurations = (
				D807465829A4041400CC69AF /* Debug */,
				D807465929A4041400CC69AF /* Release */,
			);
			defaultConfigurationIsVisible = 0;
			defaultConfigurationName = Release;
		};
		D807465A29A4041400CC69AF /* Build configuration list for PBXNativeTarget "MerhabaDunyaTests" */ = {
			isa = XCConfigurationList;
			buildConfigurations = (
				D807465B29A4041400CC69AF /* Debug */,
				D807465C29A4041400CC69AF /* Release */,
			);
			defaultConfigurationIsVisible = 0;
			defaultConfigurationName = Release;
		};
		D807465D29A4041400CC69AF /* Build configuration list for PBXNativeTarget "MerhabaDunyaUITests" */ = {
			isa = XCConfigurationList;
			buildConfigurations = (
				D807465E29A4041400CC69AF /* Debug */,
				D807465F29A4041400CC69AF /* Release */,
			);
			defaultConfigurationIsVisible = 0;
			defaultConfigurationName = Release;
		};
/* End XCConfigurationList section */
	};
	rootObject = D807462B29A4041200CC69AF /* Project object */;
}
